
Microsoft Visual Studio Solution File, Format Version 12.00
# Visual Studio Version 17
VisualStudioVersion = 17.5.33502.453
MinimumVisualStudioVersion = 10.0.40219.1
Project("{FAE04EC0-301F-11D3-BF4B-00C04F79EFBC}") = "Hangman", "Hangman.csproj", "{4D4205B6-3D5E-44D5-9F48-5366C8A68112}"
EndProject
Global
	GlobalSection(SolutionConfigurationPlatforms) = preSolution
		Debug|Any CPU = Debug|Any CPU
		Release|Any CPU = Release|Any CPU
	EndGlobalSection
	GlobalSection(ProjectConfigurationPlatforms) = postSolution
		{4D4205B6-3D5E-44D5-9F48-5366C8A68112}.Debug|Any CPU.ActiveCfg = Debug|Any CPU
		{4D4205B6-3D5E-44D5-9F48-5366C8A68112}.Debug|Any CPU.Build.0 = Debug|Any CPU
		{4D4205B6-3D5E-44D5-9F48-5366C8A68112}.Release|Any CPU.ActiveCfg = Release|Any CPU
		{4D4205B6-3D5E-44D5-9F48-5366C8A68112}.Release|Any CPU.Build.0 = Release|Any CPU
	EndGlobalSection
	GlobalSection(SolutionProperties) = preSolution
		HideSolutionNode = FALSE
	EndGlobalSection
	GlobalSection(ExtensibilityGlobals) = postSolution
		SolutionGuid = {2C89285E-18D0-41AA-A2F6-3C99C718915C}
	EndGlobalSection
EndGlobal
